// !$*UTF8*$!
{
	archiveVersion = 1;
	classes = {
	};
	objectVersion = 50;
	objects = {

/* Begin PBXBuildFile section */
		C9597CFC25CB2BC500620CF8 /* AppDelegate.swift in Sources */ = {isa = PBXBuildFile; fileRef = C9597CFB25CB2BC500620CF8 /* AppDelegate.swift */; };
		C9597CFE25CB2BC500620CF8 /* SceneDelegate.swift in Sources */ = {isa = PBXBuildFile; fileRef = C9597CFD25CB2BC500620CF8 /* SceneDelegate.swift */; };
		C9597D0025CB2BC500620CF8 /* ContentView.swift in Sources */ = {isa = PBXBuildFile; fileRef = C9597CFF25CB2BC500620CF8 /* ContentView.swift */; };
		C9597D0225CB2BC900620CF8 /* Assets.xcassets in Resources */ = {isa = PBXBuildFile; fileRef = C9597D0125CB2BC900620CF8 /* Assets.xcassets */; };
		C9597D0525CB2BC900620CF8 /* Preview Assets.xcassets in Resources */ = {isa = PBXBuildFile; fileRef = C9597D0425CB2BC900620CF8 /* Preview Assets.xcassets */; };
		C9597D0825CB2BC900620CF8 /* LaunchScreen.storyboard in Resources */ = {isa = PBXBuildFile; fileRef = C9597D0625CB2BC900620CF8 /* LaunchScreen.storyboard */; };
		C9597D1325CB2BCA00620CF8 /* UnitTestDemoTests.swift in Sources */ = {isa = PBXBuildFile; fileRef = C9597D1225CB2BCA00620CF8 /* UnitTestDemoTests.swift */; };
		C9597D1E25CB2C7E00620CF8 /* MathStuff.swift in Sources */ = {isa = PBXBuildFile; fileRef = C9597D1D25CB2C7E00620CF8 /* MathStuff.swift */; };
/* End PBXBuildFile section */

/* Begin PBXContainerItemProxy section */
		C9597D0F25CB2BCA00620CF8 /* PBXContainerItemProxy */ = {
			isa = PBXContainerItemProxy;
			containerPortal = C9597CF025CB2BC500620CF8 /* Project object */;
			proxyType = 1;
			remoteGlobalIDString = C9597CF725CB2BC500620CF8;
			remoteInfo = UnitTestDemo;
		};
/* End PBXContainerItemProxy section */

/* Begin PBXFileReference section */
		C9597CF825CB2BC500620CF8 /* UnitTestDemo.app */ = {isa = PBXFileReference; explicitFileType = wrapper.application; includeInIndex = 0; path = UnitTestDemo.app; sourceTree = BUILT_PRODUCTS_DIR; };
		C9597CFB25CB2BC500620CF8 /* AppDelegate.swift */ = {isa = PBXFileReference; lastKnownFileType = sourcecode.swift; path = AppDelegate.swift; sourceTree = "<group>"; };
		C9597CFD25CB2BC500620CF8 /* SceneDelegate.swift */ = {isa = PBXFileReference; lastKnownFileType = sourcecode.swift; path = SceneDelegate.swift; sourceTree = "<group>"; };
		C9597CFF25CB2BC500620CF8 /* ContentView.swift */ = {isa = PBXFileReference; lastKnownFileType = sourcecode.swift; path = ContentView.swift; sourceTree = "<group>"; };
		C9597D0125CB2BC900620CF8 /* Assets.xcassets */ = {isa = PBXFileReference; lastKnownFileType = folder.assetcatalog; path = Assets.xcassets; sourceTree = "<group>"; };
		C9597D0425CB2BC900620CF8 /* Preview Assets.xcassets */ = {isa = PBXFileReference; lastKnownFileType = folder.assetcatalog; path = "Preview Assets.xcassets"; sourceTree = "<group>"; };
		C9597D0725CB2BC900620CF8 /* Base */ = {isa = PBXFileReference; lastKnownFileType = file.storyboard; name = Base; path = Base.lproj/LaunchScreen.storyboard; sourceTree = "<group>"; };
		C9597D0925CB2BC900620CF8 /* Info.plist */ = {isa = PBXFileReference; lastKnownFileType = text.plist.xml; path = Info.plist; sourceTree = "<group>"; };
		C9597D0E25CB2BCA00620CF8 /* UnitTestDemoTests.xctest */ = {isa = PBXFileReference; explicitFileType = wrapper.cfbundle; includeInIndex = 0; path = UnitTestDemoTests.xctest; sourceTree = BUILT_PRODUCTS_DIR; };
		C9597D1225CB2BCA00620CF8 /* UnitTestDemoTests.swift */ = {isa = PBXFileReference; lastKnownFileType = sourcecode.swift; path = UnitTestDemoTests.swift; sourceTree = "<group>"; };
		C9597D1425CB2BCA00620CF8 /* Info.plist */ = {isa = PBXFileReference; lastKnownFileType = text.plist.xml; path = Info.plist; sourceTree = "<group>"; };
		C9597D1D25CB2C7E00620CF8 /* MathStuff.swift */ = {isa = PBXFileReference; lastKnownFileType = sourcecode.swift; path = MathStuff.swift; sourceTree = "<group>"; };
/* End PBXFileReference section */

/* Begin PBXFrameworksBuildPhase section */
		C9597CF525CB2BC500620CF8 /* Frameworks */ = {
			isa = PBXFrameworksBuildPhase;
			buildActionMask = 2147483647;
			files = (
			);
			runOnlyForDeploymentPostprocessing = 0;
		};
		C9597D0B25CB2BCA00620CF8 /* Frameworks */ = {
			isa = PBXFrameworksBuildPhase;
			buildActionMask = 2147483647;
			files = (
			);
			runOnlyForDeploymentPostprocessing = 0;
		};
/* End PBXFrameworksBuildPhase section */

/* Begin PBXGroup section */
		C9597CEF25CB2BC500620CF8 = {
			isa = PBXGroup;
			children = (
				C9597CFA25CB2BC500620CF8 /* UnitTestDemo */,
				C9597D1125CB2BCA00620CF8 /* UnitTestDemoTests */,
				C9597CF925CB2BC500620CF8 /* Products */,
			);
			sourceTree = "<group>";
		};
		C9597CF925CB2BC500620CF8 /* Products */ = {
			isa = PBXGroup;
			children = (
				C9597CF825CB2BC500620CF8 /* UnitTestDemo.app */,
				C9597D0E25CB2BCA00620CF8 /* UnitTestDemoTests.xctest */,
			);
			name = Products;
			sourceTree = "<group>";
		};
		C9597CFA25CB2BC500620CF8 /* UnitTestDemo */ = {
			isa = PBXGroup;
			children = (
				C9597CFB25CB2BC500620CF8 /* AppDelegate.swift */,
				C9597CFD25CB2BC500620CF8 /* SceneDelegate.swift */,
				C9597CFF25CB2BC500620CF8 /* ContentView.swift */,
				C9597D1D25CB2C7E00620CF8 /* MathStuff.swift */,
				C9597D0125CB2BC900620CF8 /* Assets.xcassets */,
				C9597D0625CB2BC900620CF8 /* LaunchScreen.storyboard */,
				C9597D0925CB2BC900620CF8 /* Info.plist */,
				C9597D0325CB2BC900620CF8 /* Preview Content */,
			);
			path = UnitTestDemo;
			sourceTree = "<group>";
		};
		C9597D0325CB2BC900620CF8 /* Preview Content */ = {
			isa = PBXGroup;
			children = (
				C9597D0425CB2BC900620CF8 /* Preview Assets.xcassets */,
			);
			path = "Preview Content";
			sourceTree = "<group>";
		};
		C9597D1125CB2BCA00620CF8 /* UnitTestDemoTests */ = {
			isa = PBXGroup;
			children = (
				C9597D1225CB2BCA00620CF8 /* UnitTestDemoTests.swift */,
				C9597D1425CB2BCA00620CF8 /* Info.plist */,
			);
			path = UnitTestDemoTests;
			sourceTree = "<group>";
		};
/* End PBXGroup section */

/* Begin PBXNativeTarget section */
		C9597CF725CB2BC500620CF8 /* UnitTestDemo */ = {
			isa = PBXNativeTarget;
			buildConfigurationList = C9597D1725CB2BCA00620CF8 /* Build configuration list for PBXNativeTarget "UnitTestDemo" */;
			buildPhases = (
				C9597CF425CB2BC500620CF8 /* Sources */,
				C9597CF525CB2BC500620CF8 /* Frameworks */,
				C9597CF625CB2BC500620CF8 /* Resources */,
			);
			buildRules = (
			);
			dependencies = (
			);
			name = UnitTestDemo;
			productName = UnitTestDemo;
			productReference = C9597CF825CB2BC500620CF8 /* UnitTestDemo.app */;
			productType = "com.apple.product-type.application";
		};
		C9597D0D25CB2BCA00620CF8 /* UnitTestDemoTests */ = {
			isa = PBXNativeTarget;
			buildConfigurationList = C9597D1A25CB2BCA00620CF8 /* Build configuration list for PBXNativeTarget "UnitTestDemoTests" */;
			buildPhases = (
				C9597D0A25CB2BCA00620CF8 /* Sources */,
				C9597D0B25CB2BCA00620CF8 /* Frameworks */,
				C9597D0C25CB2BCA00620CF8 /* Resources */,
			);
			buildRules = (
			);
			dependencies = (
				C9597D1025CB2BCA00620CF8 /* PBXTargetDependency */,
			);
			name = UnitTestDemoTests;
			productName = UnitTestDemoTests;
			productReference = C9597D0E25CB2BCA00620CF8 /* UnitTestDemoTests.xctest */;
			productType = "com.apple.product-type.bundle.unit-test";
		};
/* End PBXNativeTarget section */

/* Begin PBXProject section */
		C9597CF025CB2BC500620CF8 /* Project object */ = {
			isa = PBXProject;
			attributes = {
				LastSwiftUpdateCheck = 1120;
				LastUpgradeCheck = 1120;
				ORGANIZATIONNAME = "Shrikant Tanwade";
				TargetAttributes = {
					C9597CF725CB2BC500620CF8 = {
						CreatedOnToolsVersion = 11.2;
					};
					C9597D0D25CB2BCA00620CF8 = {
						CreatedOnToolsVersion = 11.2;
						TestTargetID = C9597CF725CB2BC500620CF8;
					};
				};
			};
			buildConfigurationList = C9597CF325CB2BC500620CF8 /* Build configuration list for PBXProject "UnitTestDemo" */;
			compatibilityVersion = "Xcode 9.3";
			developmentRegion = en;
			hasScannedForEncodings = 0;
			knownRegions = (
				en,
				Base,
			);
			mainGroup = C9597CEF25CB2BC500620CF8;
			productRefGroup = C9597CF925CB2BC500620CF8 /* Products */;
			projectDirPath = "";
			projectRoot = "";
			targets = (
				C9597CF725CB2BC500620CF8 /* UnitTestDemo */,
				C9597D0D25CB2BCA00620CF8 /* UnitTestDemoTests */,
			);
		};
/* End PBXProject section */

/* Begin PBXResourcesBuildPhase section */
		C9597CF625CB2BC500620CF8 /* Resources */ = {
			isa = PBXResourcesBuildPhase;
			buildActionMask = 2147483647;
			files = (
				C9597D0825CB2BC900620CF8 /* LaunchScreen.storyboard in Resources */,
				C9597D0525CB2BC900620CF8 /* Preview Assets.xcassets in Resources */,
				C9597D0225CB2BC900620CF8 /* Assets.xcassets in Resources */,
			);
			runOnlyForDeploymentPostprocessing = 0;
		};
		C9597D0C25CB2BCA00620CF8 /* Resources */ = {
			isa = PBXResourcesBuildPhase;
			buildActionMask = 2147483647;
			files = (
			);
			runOnlyForDeploymentPostprocessing = 0;
		};
/* End PBXResourcesBuildPhase section */

/* Begin PBXSourcesBuildPhase section */
		C9597CF425CB2BC500620CF8 /* Sources */ = {
			isa = PBXSourcesBuildPhase;
			buildActionMask = 2147483647;
			files = (
				C9597D1E25CB2C7E00620CF8 /* MathStuff.swift in Sources */,
				C9597CFC25CB2BC500620CF8 /* AppDelegate.swift in Sources */,
				C9597CFE25CB2BC500620CF8 /* SceneDelegate.swift in Sources */,
				C9597D0025CB2BC500620CF8 /* ContentView.swift in Sources */,
			);
			runOnlyForDeploymentPostprocessing = 0;
		};
		C9597D0A25CB2BCA00620CF8 /* Sources */ = {
			isa = PBXSourcesBuildPhase;
			buildActionMask = 2147483647;
			files = (
				C9597D1325CB2BCA00620CF8 /* UnitTestDemoTests.swift in Sources */,
			);
			runOnlyForDeploymentPostprocessing = 0;
		};
/* End PBXSourcesBuildPhase section */

/* Begin PBXTargetDependency section */
		C9597D1025CB2BCA00620CF8 /* PBXTargetDependency */ = {
			isa = PBXTargetDependency;
			target = C9597CF725CB2BC500620CF8 /* UnitTestDemo */;
			targetProxy = C9597D0F25CB2BCA00620CF8 /* PBXContainerItemProxy */;
		};
/* End PBXTargetDependency section */

/* Begin PBXVariantGroup section */
		C9597D0625CB2BC900620CF8 /* LaunchScreen.storyboard */ = {
			isa = PBXVariantGroup;
			children = (
				C9597D0725CB2BC900620CF8 /* Base */,
			);
			name = LaunchScreen.storyboard;
			sourceTree = "<group>";
		};
/* End PBXVariantGroup section */

/* Begin XCBuildConfiguration section */
		C9597D1525CB2BCA00620CF8 /* Debug */ = {
			isa = XCBuildConfiguration;
			buildSettings = {
				ALWAYS_SEARCH_USER_PATHS = NO;
				CLANG_ANALYZER_NONNULL = YES;
				CLANG_ANALYZER_NUMBER_OBJECT_CONVERSION = YES_AGGRESSIVE;
				CLANG_CXX_LANGUAGE_STANDARD = "gnu++14";
				CLANG_CXX_LIBRARY = "libc++";
				CLANG_ENABLE_MODULES = YES;
				CLANG_ENABLE_OBJC_ARC = YES;
				CLANG_ENABLE_OBJC_WEAK = YES;
				CLANG_WARN_BLOCK_CAPTURE_AUTORELEASING = YES;
				CLANG_WARN_BOOL_CONVERSION = YES;
				CLANG_WARN_COMMA = YES;
				CLANG_WARN_CONSTANT_CONVERSION = YES;
				CLANG_WARN_DEPRECATED_OBJC_IMPLEMENTATIONS = YES;
				CLANG_WARN_DIRECT_OBJC_ISA_USAGE = YES_ERROR;
				CLANG_WARN_DOCUMENTATION_COMMENTS = YES;
				CLANG_WARN_EMPTY_BODY = YES;
				CLANG_WARN_ENUM_CONVERSION = YES;
				CLANG_WARN_INFINITE_RECURSION = YES;
				CLANG_WARN_INT_CONVERSION = YES;
				CLANG_WARN_NON_LITERAL_NULL_CONVERSION = YES;
				CLANG_WARN_OBJC_IMPLICIT_RETAIN_SELF = YES;
				CLANG_WARN_OBJC_LITERAL_CONVERSION = YES;
				CLANG_WARN_OBJC_ROOT_CLASS = YES_ERROR;
				CLANG_WARN_RANGE_LOOP_ANALYSIS = YES;
				CLANG_WARN_STRICT_PROTOTYPES = YES;
				CLANG_WARN_SUSPICIOUS_MOVE = YES;
				CLANG_WARN_UNGUARDED_AVAILABILITY = YES_AGGRESSIVE;
				CLANG_WARN_UNREACHABLE_CODE = YES;
				CLANG_WARN__DUPLICATE_METHOD_MATCH = YES;
				COPY_PHASE_STRIP = NO;
				DEBUG_INFORMATION_FORMAT = dwarf;
				ENABLE_STRICT_OBJC_MSGSEND = YES;
				ENABLE_TESTABILITY = YES;
				GCC_C_LANGUAGE_STANDARD = gnu11;
				GCC_DYNAMIC_NO_PIC = NO;
				GCC_NO_COMMON_BLOCKS = YES;
				GCC_OPTIMIZATION_LEVEL = 0;
				GCC_PREPROCESSOR_DEFINITIONS = (
					"DEBUG=1",
					"$(inherited)",
				);
				GCC_WARN_64_TO_32_BIT_CONVERSION = YES;
				GCC_WARN_ABOUT_RETURN_TYPE = YES_ERROR;
				GCC_WARN_UNDECLARED_SELECTOR = YES;
				GCC_WARN_UNINITIALIZED_AUTOS = YES_AGGRESSIVE;
				GCC_WARN_UNUSED_FUNCTION = YES;
				GCC_WARN_UNUSED_VARIABLE = YES;
				IPHONEOS_DEPLOYMENT_TARGET = 13.2;
				MTL_ENABLE_DEBUG_INFO = INCLUDE_SOURCE;
				MTL_FAST_MATH = YES;
				ONLY_ACTIVE_ARCH = YES;
				SDKROOT = iphoneos;
				SWIFT_ACTIVE_COMPILATION_CONDITIONS = DEBUG;
				SWIFT_OPTIMIZATION_LEVEL = "-Onone";
			};
			name = Debug;
		};
		C9597D1625CB2BCA00620CF8 /* Release */ = {
			isa = XCBuildConfiguration;
			buildSettings = {
				ALWAYS_SEARCH_USER_PATHS = NO;
				CLANG_ANALYZER_NONNULL = YES;
				CLANG_ANALYZER_NUMBER_OBJECT_CONVERSION = YES_AGGRESSIVE;
				CLANG_CXX_LANGUAGE_STANDARD = "gnu++14";
				CLANG_CXX_LIBRARY = "libc++";
				CLANG_ENABLE_MODULES = YES;
				CLANG_ENABLE_OBJC_ARC = YES;
				CLANG_ENABLE_OBJC_WEAK = YES;
				CLANG_WARN_BLOCK_CAPTURE_AUTORELEASING = YES;
				CLANG_WARN_BOOL_CONVERSION = YES;
				CLANG_WARN_COMMA = YES;
				CLANG_WARN_CONSTANT_CONVERSION = YES;
				CLANG_WARN_DEPRECATED_OBJC_IMPLEMENTATIONS = YES;
				CLANG_WARN_DIRECT_OBJC_ISA_USAGE = YES_ERROR;
				CLANG_WARN_DOCUMENTATION_COMMENTS = YES;
				CLANG_WARN_EMPTY_BODY = YES;
				CLANG_WARN_ENUM_CONVERSION = YES;
				CLANG_WARN_INFINITE_RECURSION = YES;
				CLANG_WARN_INT_CONVERSION = YES;
				CLANG_WARN_NON_LITERAL_NULL_CONVERSION = YES;
				CLANG_WARN_OBJC_IMPLICIT_RETAIN_SELF = YES;
				CLANG_WARN_OBJC_LITERAL_CONVERSION = YES;
				CLANG_WARN_OBJC_ROOT_CLASS = YES_ERROR;
				CLANG_WARN_RANGE_LOOP_ANALYSIS = YES;
				CLANG_WARN_STRICT_PROTOTYPES = YES;
				CLANG_WARN_SUSPICIOUS_MOVE = YES;
				CLANG_WARN_UNGUARDED_AVAILABILITY = YES_AGGRESSIVE;
				CLANG_WARN_UNREACHABLE_CODE = YES;
				CLANG_WARN__DUPLICATE_METHOD_MATCH = YES;
				COPY_PHASE_STRIP = NO;
				DEBUG_INFORMATION_FORMAT = "dwarf-with-dsym";
				ENABLE_NS_ASSERTIONS = NO;
				ENABLE_STRICT_OBJC_MSGSEND = YES;
				GCC_C_LANGUAGE_STANDARD = gnu11;
				GCC_NO_COMMON_BLOCKS = YES;
				GCC_WARN_64_TO_32_BIT_CONVERSION = YES;
				GCC_WARN_ABOUT_RETURN_TYPE = YES_ERROR;
				GCC_WARN_UNDECLARED_SELECTOR = YES;
				GCC_WARN_UNINITIALIZED_AUTOS = YES_AGGRESSIVE;
				GCC_WARN_UNUSED_FUNCTION = YES;
				GCC_WARN_UNUSED_VARIABLE = YES;
				IPHONEOS_DEPLOYMENT_TARGET = 13.2;
				MTL_ENABLE_DEBUG_INFO = NO;
				MTL_FAST_MATH = YES;
				SDKROOT = iphoneos;
				SWIFT_COMPILATION_MODE = wholemodule;
				SWIFT_OPTIMIZATION_LEVEL = "-O";
				VALIDATE_PRODUCT = YES;
			};
			name = Release;
		};
		C9597D1825CB2BCA00620CF8 /* Debug */ = {
			isa = XCBuildConfiguration;
			buildSettings = {
				ASSETCATALOG_COMPILER_APPICON_NAME = AppIcon;
				CODE_SIGN_STYLE = Automatic;
				DEVELOPMENT_ASSET_PATHS = "\"UnitTestDemo/Preview Content\"";
				ENABLE_PREVIEWS = YES;
				INFOPLIST_FILE = UnitTestDemo/Info.plist;
				LD_RUNPATH_SEARCH_PATHS = (
					"$(inherited)",
					"@executable_path/Frameworks",
				);
				PRODUCT_BUNDLE_IDENTIFIER = com.shrikant.UnitTestDemo;
				PRODUCT_NAME = "$(TARGET_NAME)";
				SWIFT_VERSION = 5.0;
				TARGETED_DEVICE_FAMILY = "1,2";
			};
			name = Debug;
		};
		C9597D1925CB2BCA00620CF8 /* Release */ = {
			isa = XCBuildConfiguration;
			buildSettings = {
				ASSETCATALOG_COMPILER_APPICON_NAME = AppIcon;
				CODE_SIGN_STYLE = Automatic;
				DEVELOPMENT_ASSET_PATHS = "\"UnitTestDemo/Preview Content\"";
				ENABLE_PREVIEWS = YES;
				INFOPLIST_FILE = UnitTestDemo/Info.plist;
				LD_RUNPATH_SEARCH_PATHS = (
					"$(inherited)",
					"@executable_path/Frameworks",
				);
				PRODUCT_BUNDLE_IDENTIFIER = com.shrikant.UnitTestDemo;
				PRODUCT_NAME = "$(TARGET_NAME)";
				SWIFT_VERSION = 5.0;
				TARGETED_DEVICE_FAMILY = "1,2";
			};
			name = Release;
		};
		C9597D1B25CB2BCA00620CF8 /* Debug */ = {
			isa = XCBuildConfiguration;
			buildSettings = {
				ALWAYS_EMBED_SWIFT_STANDARD_LIBRARIES = YES;
				BUNDLE_LOADER = "$(TEST_HOST)";
				CODE_SIGN_STYLE = Automatic;
				INFOPLIST_FILE = UnitTestDemoTests/Info.plist;
				IPHONEOS_DEPLOYMENT_TARGET = 13.2;
				LD_RUNPATH_SEARCH_PATHS = (
					"$(inherited)",
					"@executable_path/Frameworks",
					"@loader_path/Frameworks",
				);
				PRODUCT_BUNDLE_IDENTIFIER = com.shrikant.UnitTestDemoTests;
				PRODUCT_NAME = "$(TARGET_NAME)";
				SWIFT_VERSION = 5.0;
				TARGETED_DEVICE_FAMILY = "1,2";
				TEST_HOST = "$(BUILT_PRODUCTS_DIR)/UnitTestDemo.app/UnitTestDemo";
			};
			name = Debug;
		};
		C9597D1C25CB2BCA00620CF8 /* Release */ = {
			isa = XCBuildConfiguration;
			buildSettings = {
				ALWAYS_EMBED_SWIFT_STANDARD_LIBRARIES = YES;
				BUNDLE_LOADER = "$(TEST_HOST)";
				CODE_SIGN_STYLE = Automatic;
				INFOPLIST_FILE = UnitTestDemoTests/Info.plist;
				IPHONEOS_DEPLOYMENT_TARGET = 13.2;
				LD_RUNPATH_SEARCH_PATHS = (
					"$(inherited)",
					"@executable_path/Frameworks",
					"@loader_path/Frameworks",
				);
				PRODUCT_BUNDLE_IDENTIFIER = com.shrikant.UnitTestDemoTests;
				PRODUCT_NAME = "$(TARGET_NAME)";
				SWIFT_VERSION = 5.0;
				TARGETED_DEVICE_FAMILY = "1,2";
				TEST_HOST = "$(BUILT_PRODUCTS_DIR)/UnitTestDemo.app/UnitTestDemo";
			};
			name = Release;
		};
/* End XCBuildConfiguration section */

/* Begin XCConfigurationList section */
		C9597CF325CB2BC500620CF8 /* Build configuration list for PBXProject "UnitTestDemo" */ = {
			isa = XCConfigurationList;
			buildConfigurations = (
				C9597D1525CB2BCA00620CF8 /* Debug */,
				C9597D1625CB2BCA00620CF8 /* Release */,
			);
			defaultConfigurationIsVisible = 0;
			defaultConfigurationName = Release;
		};
		C9597D1725CB2BCA00620CF8 /* Build configuration list for PBXNativeTarget "UnitTestDemo" */ = {
			isa = XCConfigurationList;
			buildConfigurations = (
				C9597D1825CB2BCA00620CF8 /* Debug */,
				C9597D1925CB2BCA00620CF8 /* Release */,
			);
			defaultConfigurationIsVisible = 0;
			defaultConfigurationName = Release;
		};
		C9597D1A25CB2BCA00620CF8 /* Build configuration list for PBXNativeTarget "UnitTestDemoTests" */ = {
			isa = XCConfigurationList;
			buildConfigurations = (
				C9597D1B25CB2BCA00620CF8 /* Debug */,
				C9597D1C25CB2BCA00620CF8 /* Release */,
			);
			defaultConfigurationIsVisible = 0;
			defaultConfigurationName = Release;
		};
/* End XCConfigurationList section */
	};
	rootObject = C9597CF025CB2BC500620CF8 /* Project object */;
}
